
Microsoft Visual Studio Solution File, Format Version 12.00
# Visual Studio Version 17
VisualStudioVersion = 17.14.36717.8 d17.14
MinimumVisualStudioVersion = 10.0.40219.1
Project("{FAE04EC0-301F-11D3-BF4B-00C04F79EFBC}") = "Lab3_Variant1", "Lab3_Variant1\Lab3_Variant1.csproj", "{00BFD880-4F81-4873-B967-06E33B154EA7}"
EndProject
Global
	GlobalSection(SolutionConfigurationPlatforms) = preSolution
		Debug|Any CPU = Debug|Any CPU
		Release|Any CPU = Release|Any CPU
	EndGlobalSection
	GlobalSection(ProjectConfigurationPlatforms) = postSolution
		{00BFD880-4F81-4873-B967-06E33B154EA7}.Debug|Any CPU.ActiveCfg = Debug|Any CPU
		{00BFD880-4F81-4873-B967-06E33B154EA7}.Debug|Any CPU.Build.0 = Debug|Any CPU
		{00BFD880-4F81-4873-B967-06E33B154EA7}.Release|Any CPU.ActiveCfg = Release|Any CPU
		{00BFD880-4F81-4873-B967-06E33B154EA7}.Release|Any CPU.Build.0 = Release|Any CPU
	EndGlobalSection
	GlobalSection(SolutionProperties) = preSolution
		HideSolutionNode = FALSE
	EndGlobalSection
	GlobalSection(ExtensibilityGlobals) = postSolution
		SolutionGuid = {68E4A5FD-79E3-4570-90AE-32632939C933}
	EndGlobalSection
EndGlobal
